
Microsoft Visual Studio Solution File, Format Version 12.00
# Visual Studio Version 16
VisualStudioVersion = 16.0.31613.86
MinimumVisualStudioVersion = 10.0.40219.1
Project("{FAE04EC0-301F-11D3-BF4B-00C04F79EFBC}") = "CodilityCGI", "CodilityCGI\CodilityCGI.csproj", "{50773564-FE0E-42EA-ADF2-E54C2F388500}"
EndProject
Project("{FAE04EC0-301F-11D3-BF4B-00C04F79EFBC}") = "CodilityCGITests", "CodilityCGITests\CodilityCGITests.csproj", "{5313C61E-9F3F-4B58-A77A-4CBB6CB4A0EE}"
EndProject
Global
	GlobalSection(SolutionConfigurationPlatforms) = preSolution
		Debug|Any CPU = Debug|Any CPU
		Release|Any CPU = Release|Any CPU
	EndGlobalSection
	GlobalSection(ProjectConfigurationPlatforms) = postSolution
		{50773564-FE0E-42EA-ADF2-E54C2F388500}.Debug|Any CPU.ActiveCfg = Debug|Any CPU
		{50773564-FE0E-42EA-ADF2-E54C2F388500}.Debug|Any CPU.Build.0 = Debug|Any CPU
		{50773564-FE0E-42EA-ADF2-E54C2F388500}.Release|Any CPU.ActiveCfg = Release|Any CPU
		{50773564-FE0E-42EA-ADF2-E54C2F388500}.Release|Any CPU.Build.0 = Release|Any CPU
		{5313C61E-9F3F-4B58-A77A-4CBB6CB4A0EE}.Debug|Any CPU.ActiveCfg = Debug|Any CPU
		{5313C61E-9F3F-4B58-A77A-4CBB6CB4A0EE}.Debug|Any CPU.Build.0 = Debug|Any CPU
		{5313C61E-9F3F-4B58-A77A-4CBB6CB4A0EE}.Release|Any CPU.ActiveCfg = Release|Any CPU
		{5313C61E-9F3F-4B58-A77A-4CBB6CB4A0EE}.Release|Any CPU.Build.0 = Release|Any CPU
	EndGlobalSection
	GlobalSection(SolutionProperties) = preSolution
		HideSolutionNode = FALSE
	EndGlobalSection
	GlobalSection(ExtensibilityGlobals) = postSolution
		SolutionGuid = {CE674F5B-D159-45A3-A4CB-B7A57B472A82}
	EndGlobalSection
EndGlobal
